{
  "originHash" : "741e00a38ed257a55afd7208bf340dc23bf95ff1bc8db81aa7de23a4c81744c1",
  "pins" : [
    {
      "identity" : "dittoswiftpackage",
      "kind" : "remoteSourceControl",
      "location" : "https://github.com/getditto/DittoSwiftPackage",
      "state" : {
        "revision" : "3d1c79f48c884f3f59f6e9703fee2fe13ec539e5",
        "version" : "4.8.0-rc.1"
      }
    }
  ],
  "version" : 3
}
